
Microsoft Visual Studio Solution File, Format Version 12.00
# Visual Studio Version 17
VisualStudioVersion = 17.1.32228.430
MinimumVisualStudioVersion = 10.0.40219.1
Project("{FAE04EC0-301F-11D3-BF4B-00C04F79EFBC}") = "assignment2", "asssignment2\assignment2.csproj", "{8CFF6430-2762-4370-A97F-C930FACD7BA3}"
EndProject
Project("{FAE04EC0-301F-11D3-BF4B-00C04F79EFBC}") = "business_Logic_Layer", "business_Logic_Layer\business_Logic_Layer.csproj", "{924B4B31-8FA5-4986-8AF0-0E9AD512D2EC}"
EndProject
Project("{FAE04EC0-301F-11D3-BF4B-00C04F79EFBC}") = "data_Access_Layer", "data_Access_Layer\data_Access_Layer.csproj", "{ED7256CD-D01D-465B-B35C-9843CCC088EE}"
EndProject
Global
	GlobalSection(SolutionConfigurationPlatforms) = preSolution
		Debug|Any CPU = Debug|Any CPU
		Release|Any CPU = Release|Any CPU
	EndGlobalSection
	GlobalSection(ProjectConfigurationPlatforms) = postSolution
		{8CFF6430-2762-4370-A97F-C930FACD7BA3}.Debug|Any CPU.ActiveCfg = Debug|Any CPU
		{8CFF6430-2762-4370-A97F-C930FACD7BA3}.Debug|Any CPU.Build.0 = Debug|Any CPU
		{8CFF6430-2762-4370-A97F-C930FACD7BA3}.Release|Any CPU.ActiveCfg = Release|Any CPU
		{8CFF6430-2762-4370-A97F-C930FACD7BA3}.Release|Any CPU.Build.0 = Release|Any CPU
		{924B4B31-8FA5-4986-8AF0-0E9AD512D2EC}.Debug|Any CPU.ActiveCfg = Debug|Any CPU
		{924B4B31-8FA5-4986-8AF0-0E9AD512D2EC}.Debug|Any CPU.Build.0 = Debug|Any CPU
		{924B4B31-8FA5-4986-8AF0-0E9AD512D2EC}.Release|Any CPU.ActiveCfg = Release|Any CPU
		{924B4B31-8FA5-4986-8AF0-0E9AD512D2EC}.Release|Any CPU.Build.0 = Release|Any CPU
		{ED7256CD-D01D-465B-B35C-9843CCC088EE}.Debug|Any CPU.ActiveCfg = Debug|Any CPU
		{ED7256CD-D01D-465B-B35C-9843CCC088EE}.Debug|Any CPU.Build.0 = Debug|Any CPU
		{ED7256CD-D01D-465B-B35C-9843CCC088EE}.Release|Any CPU.ActiveCfg = Release|Any CPU
		{ED7256CD-D01D-465B-B35C-9843CCC088EE}.Release|Any CPU.Build.0 = Release|Any CPU
	EndGlobalSection
	GlobalSection(SolutionProperties) = preSolution
		HideSolutionNode = FALSE
	EndGlobalSection
	GlobalSection(ExtensibilityGlobals) = postSolution
		SolutionGuid = {6E3C852B-E820-4103-84EF-7D7C8C912AD0}
	EndGlobalSection
EndGlobal
